
Microsoft Visual Studio Solution File, Format Version 12.00
# Visual Studio 15
VisualStudioVersion = 15.0.28307.489
MinimumVisualStudioVersion = 10.0.40219.1
Project("{8BC9CEB8-8B4A-11D0-8D11-00A0C91BC942}") = "Salary Calculator", "Salary Calculator\Salary Calculator.vcxproj", "{1D64B1E0-2A2D-4C3F-829B-5766E9FAC26F}"
EndProject
Global
	GlobalSection(SolutionConfigurationPlatforms) = preSolution
		Debug|ARM = Debug|ARM
		Debug|ARM64 = Debug|ARM64
		Debug|x64 = Debug|x64
		Debug|x86 = Debug|x86
		Release|ARM = Release|ARM
		Release|ARM64 = Release|ARM64
		Release|x64 = Release|x64
		Release|x86 = Release|x86
	EndGlobalSection
	GlobalSection(ProjectConfigurationPlatforms) = postSolution
		{1D64B1E0-2A2D-4C3F-829B-5766E9FAC26F}.Debug|ARM.ActiveCfg = Debug|ARM
		{1D64B1E0-2A2D-4C3F-829B-5766E9FAC26F}.Debug|ARM.Build.0 = Debug|ARM
		{1D64B1E0-2A2D-4C3F-829B-5766E9FAC26F}.Debug|ARM.Deploy.0 = Debug|ARM
		{1D64B1E0-2A2D-4C3F-829B-5766E9FAC26F}.Debug|ARM64.ActiveCfg = Debug|ARM64
		{1D64B1E0-2A2D-4C3F-829B-5766E9FAC26F}.Debug|ARM64.Build.0 = Debug|ARM64
		{1D64B1E0-2A2D-4C3F-829B-5766E9FAC26F}.Debug|ARM64.Deploy.0 = Debug|ARM64
		{1D64B1E0-2A2D-4C3F-829B-5766E9FAC26F}.Debug|x64.ActiveCfg = Debug|x64
		{1D64B1E0-2A2D-4C3F-829B-5766E9FAC26F}.Debug|x64.Build.0 = Debug|x64
		{1D64B1E0-2A2D-4C3F-829B-5766E9FAC26F}.Debug|x64.Deploy.0 = Debug|x64
		{1D64B1E0-2A2D-4C3F-829B-5766E9FAC26F}.Debug|x86.ActiveCfg = Debug|Win32
		{1D64B1E0-2A2D-4C3F-829B-5766E9FAC26F}.Debug|x86.Build.0 = Debug|Win32
		{1D64B1E0-2A2D-4C3F-829B-5766E9FAC26F}.Debug|x86.Deploy.0 = Debug|Win32
		{1D64B1E0-2A2D-4C3F-829B-5766E9FAC26F}.Release|ARM.ActiveCfg = Release|ARM
		{1D64B1E0-2A2D-4C3F-829B-5766E9FAC26F}.Release|ARM.Build.0 = Release|ARM
		{1D64B1E0-2A2D-4C3F-829B-5766E9FAC26F}.Release|ARM.Deploy.0 = Release|ARM
		{1D64B1E0-2A2D-4C3F-829B-5766E9FAC26F}.Release|ARM64.ActiveCfg = Release|ARM64
		{1D64B1E0-2A2D-4C3F-829B-5766E9FAC26F}.Release|ARM64.Build.0 = Release|ARM64
		{1D64B1E0-2A2D-4C3F-829B-5766E9FAC26F}.Release|ARM64.Deploy.0 = Release|ARM64
		{1D64B1E0-2A2D-4C3F-829B-5766E9FAC26F}.Release|x64.ActiveCfg = Release|x64
		{1D64B1E0-2A2D-4C3F-829B-5766E9FAC26F}.Release|x64.Build.0 = Release|x64
		{1D64B1E0-2A2D-4C3F-829B-5766E9FAC26F}.Release|x64.Deploy.0 = Release|x64
		{1D64B1E0-2A2D-4C3F-829B-5766E9FAC26F}.Release|x86.ActiveCfg = Release|Win32
		{1D64B1E0-2A2D-4C3F-829B-5766E9FAC26F}.Release|x86.Build.0 = Release|Win32
		{1D64B1E0-2A2D-4C3F-829B-5766E9FAC26F}.Release|x86.Deploy.0 = Release|Win32
	EndGlobalSection
	GlobalSection(SolutionProperties) = preSolution
		HideSolutionNode = FALSE
	EndGlobalSection
	GlobalSection(ExtensibilityGlobals) = postSolution
		SolutionGuid = {220DBA32-C9AD-4F87-8715-FE03C985B1BF}
	EndGlobalSection
EndGlobal
